
Microsoft Visual Studio Solution File, Format Version 12.00
# Visual Studio Version 17
VisualStudioVersion = 17.0.31521.260
MinimumVisualStudioVersion = 15.0.26124.0
Project("{FAE04EC0-301F-11D3-BF4B-00C04F79EFBC}") = "Fills.Core", "Fills.Core\Fills.Core.csproj", "{CC6B4230-1AD6-44A3-8E1B-819D51B36DC2}"
EndProject
Project("{FAE04EC0-301F-11D3-BF4B-00C04F79EFBC}") = "Fills.FSharp", "Fills.FSharp\Fills.FSharp.csproj", "{954009E8-F004-4DCE-911F-CE2F722A1DF0}"
EndProject
Project("{FAE04EC0-301F-11D3-BF4B-00C04F79EFBC}") = "Fills.Observable", "Fills.Observable\Fills.Observable.csproj", "{0B16310B-5FAD-43BE-998F-E80578C2178E}"
EndProject
Global
	GlobalSection(SolutionProperties) = preSolution
		HideSolutionNode = FALSE
	EndGlobalSection
	GlobalSection(ExtensibilityGlobals) = postSolution
		SolutionGuid = {706F73CE-77B7-4CE2-9137-B12BD36ABFF8}
	EndGlobalSection
	GlobalSection(SolutionConfigurationPlatforms) = preSolution
		Debug|Any CPU = Debug|Any CPU
		Debug|x64 = Debug|x64
		Debug|x86 = Debug|x86
		Release|Any CPU = Release|Any CPU
		Release|x64 = Release|x64
		Release|x86 = Release|x86
	EndGlobalSection
	GlobalSection(ProjectConfigurationPlatforms) = postSolution
		{CC6B4230-1AD6-44A3-8E1B-819D51B36DC2}.Debug|Any CPU.ActiveCfg = Debug|Any CPU
		{CC6B4230-1AD6-44A3-8E1B-819D51B36DC2}.Debug|Any CPU.Build.0 = Debug|Any CPU
		{CC6B4230-1AD6-44A3-8E1B-819D51B36DC2}.Debug|x64.ActiveCfg = Debug|Any CPU
		{CC6B4230-1AD6-44A3-8E1B-819D51B36DC2}.Debug|x64.Build.0 = Debug|Any CPU
		{CC6B4230-1AD6-44A3-8E1B-819D51B36DC2}.Debug|x86.ActiveCfg = Debug|Any CPU
		{CC6B4230-1AD6-44A3-8E1B-819D51B36DC2}.Debug|x86.Build.0 = Debug|Any CPU
		{CC6B4230-1AD6-44A3-8E1B-819D51B36DC2}.Release|Any CPU.ActiveCfg = Release|Any CPU
		{CC6B4230-1AD6-44A3-8E1B-819D51B36DC2}.Release|Any CPU.Build.0 = Release|Any CPU
		{CC6B4230-1AD6-44A3-8E1B-819D51B36DC2}.Release|x64.ActiveCfg = Release|Any CPU
		{CC6B4230-1AD6-44A3-8E1B-819D51B36DC2}.Release|x64.Build.0 = Release|Any CPU
		{CC6B4230-1AD6-44A3-8E1B-819D51B36DC2}.Release|x86.ActiveCfg = Release|Any CPU
		{CC6B4230-1AD6-44A3-8E1B-819D51B36DC2}.Release|x86.Build.0 = Release|Any CPU
		{954009E8-F004-4DCE-911F-CE2F722A1DF0}.Debug|Any CPU.ActiveCfg = Debug|Any CPU
		{954009E8-F004-4DCE-911F-CE2F722A1DF0}.Debug|Any CPU.Build.0 = Debug|Any CPU
		{954009E8-F004-4DCE-911F-CE2F722A1DF0}.Debug|x64.ActiveCfg = Debug|Any CPU
		{954009E8-F004-4DCE-911F-CE2F722A1DF0}.Debug|x64.Build.0 = Debug|Any CPU
		{954009E8-F004-4DCE-911F-CE2F722A1DF0}.Debug|x86.ActiveCfg = Debug|Any CPU
		{954009E8-F004-4DCE-911F-CE2F722A1DF0}.Debug|x86.Build.0 = Debug|Any CPU
		{954009E8-F004-4DCE-911F-CE2F722A1DF0}.Release|Any CPU.ActiveCfg = Release|Any CPU
		{954009E8-F004-4DCE-911F-CE2F722A1DF0}.Release|Any CPU.Build.0 = Release|Any CPU
		{954009E8-F004-4DCE-911F-CE2F722A1DF0}.Release|x64.ActiveCfg = Release|Any CPU
		{954009E8-F004-4DCE-911F-CE2F722A1DF0}.Release|x64.Build.0 = Release|Any CPU
		{954009E8-F004-4DCE-911F-CE2F722A1DF0}.Release|x86.ActiveCfg = Release|Any CPU
		{954009E8-F004-4DCE-911F-CE2F722A1DF0}.Release|x86.Build.0 = Release|Any CPU
		{0B16310B-5FAD-43BE-998F-E80578C2178E}.Debug|Any CPU.ActiveCfg = Debug|Any CPU
		{0B16310B-5FAD-43BE-998F-E80578C2178E}.Debug|Any CPU.Build.0 = Debug|Any CPU
		{0B16310B-5FAD-43BE-998F-E80578C2178E}.Debug|x64.ActiveCfg = Debug|Any CPU
		{0B16310B-5FAD-43BE-998F-E80578C2178E}.Debug|x64.Build.0 = Debug|Any CPU
		{0B16310B-5FAD-43BE-998F-E80578C2178E}.Debug|x86.ActiveCfg = Debug|Any CPU
		{0B16310B-5FAD-43BE-998F-E80578C2178E}.Debug|x86.Build.0 = Debug|Any CPU
		{0B16310B-5FAD-43BE-998F-E80578C2178E}.Release|Any CPU.ActiveCfg = Release|Any CPU
		{0B16310B-5FAD-43BE-998F-E80578C2178E}.Release|Any CPU.Build.0 = Release|Any CPU
		{0B16310B-5FAD-43BE-998F-E80578C2178E}.Release|x64.ActiveCfg = Release|Any CPU
		{0B16310B-5FAD-43BE-998F-E80578C2178E}.Release|x64.Build.0 = Release|Any CPU
		{0B16310B-5FAD-43BE-998F-E80578C2178E}.Release|x86.ActiveCfg = Release|Any CPU
		{0B16310B-5FAD-43BE-998F-E80578C2178E}.Release|x86.Build.0 = Release|Any CPU
	EndGlobalSection
EndGlobal
